Microsoft Visual Studio Solution File, Format Version 12.00
# Visual Studio Version 17
VisualStudioVersion = 17.5.2.0
MinimumVisualStudioVersion = 10.0.40219.1
Project("{FAE04EC0-301F-11D3-BF4B-00C04F79EFBC}") = "XUnity.AutoPollinationTranslator", "XUnity.AutoPollinationTranslator.csproj", "{86CD3EC2-E24E-0419-57ED-E8B86D40E0D6}"
EndProject
Global
	GlobalSection(SolutionConfigurationPlatforms) = preSolution
		Debug|Any CPU = Debug|Any CPU
		Release|Any CPU = Release|Any CPU
	EndGlobalSection
	GlobalSection(ProjectConfigurationPlatforms) = postSolution
		{86CD3EC2-E24E-0419-57ED-E8B86D40E0D6}.Debug|Any CPU.ActiveCfg = Debug|Any CPU
		{86CD3EC2-E24E-0419-57ED-E8B86D40E0D6}.Debug|Any CPU.Build.0 = Debug|Any CPU
		{86CD3EC2-E24E-0419-57ED-E8B86D40E0D6}.Release|Any CPU.ActiveCfg = Release|Any CPU
		{86CD3EC2-E24E-0419-57ED-E8B86D40E0D6}.Release|Any CPU.Build.0 = Release|Any CPU
	EndGlobalSection
	GlobalSection(SolutionProperties) = preSolution
		HideSolutionNode = FALSE
	EndGlobalSection
	GlobalSection(ExtensibilityGlobals) = postSolution
		SolutionGuid = {3ECD5313-C3EA-4A03-A494-C86EBF20788C}
	EndGlobalSection
EndGlobal
